
Microsoft Visual Studio Solution File, Format Version 12.00
# Visual Studio Version 17
VisualStudioVersion = 17.1.32210.238
MinimumVisualStudioVersion = 10.0.40219.1
Project("{FAE04EC0-301F-11D3-BF4B-00C04F79EFBC}") = "Task1", "Task1\Task1.csproj", "{C1FB7B9A-33EF-45AE-94C5-520FEF1ACC50}"
EndProject
Global
	GlobalSection(SolutionConfigurationPlatforms) = preSolution
		Debug|Any CPU = Debug|Any CPU
		Release|Any CPU = Release|Any CPU
	EndGlobalSection
	GlobalSection(ProjectConfigurationPlatforms) = postSolution
		{C1FB7B9A-33EF-45AE-94C5-520FEF1ACC50}.Debug|Any CPU.ActiveCfg = Debug|Any CPU
		{C1FB7B9A-33EF-45AE-94C5-520FEF1ACC50}.Debug|Any CPU.Build.0 = Debug|Any CPU
		{C1FB7B9A-33EF-45AE-94C5-520FEF1ACC50}.Release|Any CPU.ActiveCfg = Release|Any CPU
		{C1FB7B9A-33EF-45AE-94C5-520FEF1ACC50}.Release|Any CPU.Build.0 = Release|Any CPU
	EndGlobalSection
	GlobalSection(SolutionProperties) = preSolution
		HideSolutionNode = FALSE
	EndGlobalSection
	GlobalSection(ExtensibilityGlobals) = postSolution
		SolutionGuid = {D2F73324-C9FA-45C0-A2F8-7279BAE280E2}
	EndGlobalSection
EndGlobal
