
Microsoft Visual Studio Solution File, Format Version 12.00
# Visual Studio Version 17
VisualStudioVersion = 17.1.32210.238
MinimumVisualStudioVersion = 10.0.40219.1
Project("{FAE04EC0-301F-11D3-BF4B-00C04F79EFBC}") = "Task1", "Task1\Task1.csproj", "{29FB2F81-110D-463F-BDF7-D80FF846DCA6}"
EndProject
Project("{FAE04EC0-301F-11D3-BF4B-00C04F79EFBC}") = "Task2", "Task2\Task2.csproj", "{7E93DEA6-2CBE-478D-A63C-F1AFAB9F81C0}"
EndProject
Global
	GlobalSection(SolutionConfigurationPlatforms) = preSolution
		Debug|Any CPU = Debug|Any CPU
		Release|Any CPU = Release|Any CPU
	EndGlobalSection
	GlobalSection(ProjectConfigurationPlatforms) = postSolution
		{29FB2F81-110D-463F-BDF7-D80FF846DCA6}.Debug|Any CPU.ActiveCfg = Debug|Any CPU
		{29FB2F81-110D-463F-BDF7-D80FF846DCA6}.Debug|Any CPU.Build.0 = Debug|Any CPU
		{29FB2F81-110D-463F-BDF7-D80FF846DCA6}.Release|Any CPU.ActiveCfg = Release|Any CPU
		{29FB2F81-110D-463F-BDF7-D80FF846DCA6}.Release|Any CPU.Build.0 = Release|Any CPU
		{7E93DEA6-2CBE-478D-A63C-F1AFAB9F81C0}.Debug|Any CPU.ActiveCfg = Debug|Any CPU
		{7E93DEA6-2CBE-478D-A63C-F1AFAB9F81C0}.Debug|Any CPU.Build.0 = Debug|Any CPU
		{7E93DEA6-2CBE-478D-A63C-F1AFAB9F81C0}.Release|Any CPU.ActiveCfg = Release|Any CPU
		{7E93DEA6-2CBE-478D-A63C-F1AFAB9F81C0}.Release|Any CPU.Build.0 = Release|Any CPU
	EndGlobalSection
	GlobalSection(SolutionProperties) = preSolution
		HideSolutionNode = FALSE
	EndGlobalSection
	GlobalSection(ExtensibilityGlobals) = postSolution
		SolutionGuid = {76DB76B5-4EC7-40B8-927A-478C2BC9E437}
	EndGlobalSection
EndGlobal
