
Microsoft Visual Studio Solution File, Format Version 12.00
# Visual Studio Version 17
VisualStudioVersion = 17.1.32210.238
MinimumVisualStudioVersion = 10.0.40219.1
Project("{9A19103F-16F7-4668-BE54-9A1E7A4F7556}") = "Task1", "Task1\Task1.csproj", "{410E018D-021E-404F-984C-965C1680270A}"
EndProject
Project("{9A19103F-16F7-4668-BE54-9A1E7A4F7556}") = "Task2", "Task2\Task2.csproj", "{2953B447-98D3-4782-B5CF-A82CDE6FE9FA}"
EndProject
Project("{FAE04EC0-301F-11D3-BF4B-00C04F79EFBC}") = "Task3", "Task3\Task3.csproj", "{328B3412-794F-42E8-9BB8-D153F3E3603A}"
EndProject
Global
	GlobalSection(SolutionConfigurationPlatforms) = preSolution
		Debug|Any CPU = Debug|Any CPU
		Release|Any CPU = Release|Any CPU
	EndGlobalSection
	GlobalSection(ProjectConfigurationPlatforms) = postSolution
		{410E018D-021E-404F-984C-965C1680270A}.Debug|Any CPU.ActiveCfg = Debug|Any CPU
		{410E018D-021E-404F-984C-965C1680270A}.Debug|Any CPU.Build.0 = Debug|Any CPU
		{410E018D-021E-404F-984C-965C1680270A}.Release|Any CPU.ActiveCfg = Release|Any CPU
		{410E018D-021E-404F-984C-965C1680270A}.Release|Any CPU.Build.0 = Release|Any CPU
		{2953B447-98D3-4782-B5CF-A82CDE6FE9FA}.Debug|Any CPU.ActiveCfg = Debug|Any CPU
		{2953B447-98D3-4782-B5CF-A82CDE6FE9FA}.Debug|Any CPU.Build.0 = Debug|Any CPU
		{2953B447-98D3-4782-B5CF-A82CDE6FE9FA}.Release|Any CPU.ActiveCfg = Release|Any CPU
		{2953B447-98D3-4782-B5CF-A82CDE6FE9FA}.Release|Any CPU.Build.0 = Release|Any CPU
		{328B3412-794F-42E8-9BB8-D153F3E3603A}.Debug|Any CPU.ActiveCfg = Debug|Any CPU
		{328B3412-794F-42E8-9BB8-D153F3E3603A}.Debug|Any CPU.Build.0 = Debug|Any CPU
		{328B3412-794F-42E8-9BB8-D153F3E3603A}.Release|Any CPU.ActiveCfg = Release|Any CPU
		{328B3412-794F-42E8-9BB8-D153F3E3603A}.Release|Any CPU.Build.0 = Release|Any CPU
	EndGlobalSection
	GlobalSection(SolutionProperties) = preSolution
		HideSolutionNode = FALSE
	EndGlobalSection
	GlobalSection(ExtensibilityGlobals) = postSolution
		SolutionGuid = {5D109138-A9B4-4452-BF1D-5D569989F3BC}
	EndGlobalSection
EndGlobal
