
Microsoft Visual Studio Solution File, Format Version 12.00
# Visual Studio Version 17
VisualStudioVersion = 17.1.32210.238
MinimumVisualStudioVersion = 10.0.40219.1
Project("{FAE04EC0-301F-11D3-BF4B-00C04F79EFBC}") = "Task1", "Task1\Task1.csproj", "{C6B3334D-36CB-4DB5-B51A-C4FC101A15D5}"
EndProject
Project("{FAE04EC0-301F-11D3-BF4B-00C04F79EFBC}") = "Task2", "Task2\Task2.csproj", "{44691D2D-57D9-4ED7-AEAA-F6555B9F3324}"
EndProject
Global
	GlobalSection(SolutionConfigurationPlatforms) = preSolution
		Debug|Any CPU = Debug|Any CPU
		Release|Any CPU = Release|Any CPU
	EndGlobalSection
	GlobalSection(ProjectConfigurationPlatforms) = postSolution
		{C6B3334D-36CB-4DB5-B51A-C4FC101A15D5}.Debug|Any CPU.ActiveCfg = Debug|Any CPU
		{C6B3334D-36CB-4DB5-B51A-C4FC101A15D5}.Debug|Any CPU.Build.0 = Debug|Any CPU
		{C6B3334D-36CB-4DB5-B51A-C4FC101A15D5}.Release|Any CPU.ActiveCfg = Release|Any CPU
		{C6B3334D-36CB-4DB5-B51A-C4FC101A15D5}.Release|Any CPU.Build.0 = Release|Any CPU
		{44691D2D-57D9-4ED7-AEAA-F6555B9F3324}.Debug|Any CPU.ActiveCfg = Debug|Any CPU
		{44691D2D-57D9-4ED7-AEAA-F6555B9F3324}.Debug|Any CPU.Build.0 = Debug|Any CPU
		{44691D2D-57D9-4ED7-AEAA-F6555B9F3324}.Release|Any CPU.ActiveCfg = Release|Any CPU
		{44691D2D-57D9-4ED7-AEAA-F6555B9F3324}.Release|Any CPU.Build.0 = Release|Any CPU
	EndGlobalSection
	GlobalSection(SolutionProperties) = preSolution
		HideSolutionNode = FALSE
	EndGlobalSection
	GlobalSection(ExtensibilityGlobals) = postSolution
		SolutionGuid = {5DD03BD5-E184-4C2F-B87D-428E92DA1979}
	EndGlobalSection
EndGlobal
